
Microsoft Visual Studio Solution File, Format Version 12.00
# Visual Studio 15
VisualStudioVersion = 15.0.26730.8
MinimumVisualStudioVersion = 10.0.40219.1
Project("{FAE04EC0-301F-11D3-BF4B-00C04F79EFBC}") = "oefTV", "oefTV\oefTV.csproj", "{60317601-AD18-4EA2-9628-293AB2E1ED4D}"
EndProject
Global
	GlobalSection(SolutionConfigurationPlatforms) = preSolution
		Debug|Any CPU = Debug|Any CPU
		Release|Any CPU = Release|Any CPU
	EndGlobalSection
	GlobalSection(ProjectConfigurationPlatforms) = postSolution
		{60317601-AD18-4EA2-9628-293AB2E1ED4D}.Debug|Any CPU.ActiveCfg = Debug|Any CPU
		{60317601-AD18-4EA2-9628-293AB2E1ED4D}.Debug|Any CPU.Build.0 = Debug|Any CPU
		{60317601-AD18-4EA2-9628-293AB2E1ED4D}.Release|Any CPU.ActiveCfg = Release|Any CPU
		{60317601-AD18-4EA2-9628-293AB2E1ED4D}.Release|Any CPU.Build.0 = Release|Any CPU
	EndGlobalSection
	GlobalSection(SolutionProperties) = preSolution
		HideSolutionNode = FALSE
	EndGlobalSection
	GlobalSection(ExtensibilityGlobals) = postSolution
		SolutionGuid = {F74B9D68-A85B-41C6-97BD-BB472E731CBB}
	EndGlobalSection
EndGlobal
